{
    "_meta": {
        "hash": {
            "sha256": "f5d478c275974c6bdc7991f7b1b784a782c61e0b2a368ebad633f588e8ca44fc"
        },
        "requires": {},
        "sources": [
            {
                "url": "https://pypi.python.org/simple",
                "verify_ssl": true
            }
        ]
    },
    "default": {
        "alabaster": {
            "version": "==0.7.10"
        },
        "babel": {
            "version": "==2.4.0"
        },
        "certifi": {
            "version": "==2017.4.17"
        },
        "chardet": {
            "version": "==3.0.3"
        },
        "docutils": {
            "version": "==0.13.1"
        },
        "idna": {
            "version": "==2.5"
        },
        "imagesize": {
            "version": "==0.7.1"
        },
        "jinja2": {
            "version": "==2.9.6"
        },
        "markupsafe": {
            "version": "==1.0"
        },
        "pip": {
            "version": "==9.0.1"
        },
        "pipdeptree": {
            "version": "==0.10.1"
        },
        "pygments": {
            "version": "==2.2.0"
        },
        "pytz": {
            "version": "==2017.2"
        },
        "requests": {
            "version": "==2.17.3"
        },
        "setuptools": {
            "version": "==36.0.1"
        },
        "six": {
            "version": "==1.10.0"
        },
        "snowballstemmer": {
            "version": "==1.2.1"
        },
        "sphinx": {
            "version": "==1.6.2"
        },
        "sphinxcontrib-websupport": {
            "version": "==1.0.1"
        },
        "urllib3": {
            "version": "==1.21.1"
        }
    },
    "develop": {}
}
